{
    "_readme": [
        "This file locks the dependencies of your project to a known state",
        "Read more about it at https://getcomposer.org/doc/01-basic-usage.md#composer-lock-the-lock-file",
        "This file is @generated automatically"
    ],
    "content-hash": "181f5d8c04a1e4026a93c1a126e1726e",
    "packages": [
        {
            "name": "wellcommerce/composer-plugin",
            "version": "dev-master",
            "source": {
                "type": "git",
                "url": "https://github.com/WellCommerce/ComposerPlugin.git",
                "reference": "21960282c31bd704d94f5ece9d8a848ef66d01ff"
            },
            "dist": {
                "type": "zip",
                "url": "https://api.github.com/repos/WellCommerce/ComposerPlugin/zipball/21960282c31bd704d94f5ece9d8a848ef66d01ff",
                "reference": "21960282c31bd704d94f5ece9d8a848ef66d01ff",
                "shasum": ""
            },
            "require": {
                "composer-plugin-api": "^1.0"
            },
            "type": "composer-plugin",
            "extra": {
                "class": "WellCommerce\\Composer\\WellCommercePlugin",
                "branch-alias": {
                    "dev-master": "1.0-dev"
                }
            },
            "autoload": {
                "psr-0": {
                    "WellCommerce\\Composer": "src/"
                }
            },
            "notification-url": "https://packagist.org/downloads/",
            "license": [
                "MIT"
            ],
            "authors": [
                {
                    "name": "Adam Piotrowski",
                    "email": "adam@wellcommerce.org",
                    "homepage": "http://wellcommerce.org"
                }
            ],
            "description": "WellCommerce Composer Plugin",
            "keywords": [
                "composer",
                "composer-plugin",
                "plugin",
                "wellcommerce"
            ],
            "time": "2017-02-23 16:10:54"
        }
    ],
    "packages-dev": [],
    "aliases": [],
    "minimum-stability": "dev",
    "stability-flags": {
        "wellcommerce/composer-plugin": 20
    },
    "prefer-stable": false,
    "prefer-lowest": false,
    "platform": {
        "php": "^7.0",
        "ext-mbstring": "*",
        "ext-gd": "*",
        "ext-intl": "*",
        "ext-exif": "*"
    },
    "platform-dev": []
}
